
Microsoft Visual Studio Solution File, Format Version 12.00
# Visual Studio 15
VisualStudioVersion = 15.0.27130.2026
MinimumVisualStudioVersion = 10.0.40219.1
Project("{FAE04EC0-301F-11D3-BF4B-00C04F79EFBC}") = "WebHookOrchestration", "WebHookOrchestration\WebHookOrchestration.csproj", "{80FAD11B-9F7D-4A7E-A635-769645F7BE8D}"
EndProject
Project("{FAE04EC0-301F-11D3-BF4B-00C04F79EFBC}") = "WebHookApi", "WebHookApi\WebHookApi.csproj", "{3CD61247-7D9F-4E3D-87EE-ED19F9752649}"
EndProject
Global
	GlobalSection(SolutionConfigurationPlatforms) = preSolution
		Debug|Any CPU = Debug|Any CPU
		Release|Any CPU = Release|Any CPU
	EndGlobalSection
	GlobalSection(ProjectConfigurationPlatforms) = postSolution
		{80FAD11B-9F7D-4A7E-A635-769645F7BE8D}.Debug|Any CPU.ActiveCfg = Debug|Any CPU
		{80FAD11B-9F7D-4A7E-A635-769645F7BE8D}.Debug|Any CPU.Build.0 = Debug|Any CPU
		{80FAD11B-9F7D-4A7E-A635-769645F7BE8D}.Release|Any CPU.ActiveCfg = Release|Any CPU
		{80FAD11B-9F7D-4A7E-A635-769645F7BE8D}.Release|Any CPU.Build.0 = Release|Any CPU
		{3CD61247-7D9F-4E3D-87EE-ED19F9752649}.Debug|Any CPU.ActiveCfg = Debug|Any CPU
		{3CD61247-7D9F-4E3D-87EE-ED19F9752649}.Debug|Any CPU.Build.0 = Debug|Any CPU
		{3CD61247-7D9F-4E3D-87EE-ED19F9752649}.Release|Any CPU.ActiveCfg = Release|Any CPU
		{3CD61247-7D9F-4E3D-87EE-ED19F9752649}.Release|Any CPU.Build.0 = Release|Any CPU
	EndGlobalSection
	GlobalSection(SolutionProperties) = preSolution
		HideSolutionNode = FALSE
	EndGlobalSection
	GlobalSection(ExtensibilityGlobals) = postSolution
		SolutionGuid = {E9ABDD85-F5EE-4DE9-9FB5-4165FC8E20D8}
	EndGlobalSection
EndGlobal
