
Microsoft Visual Studio Solution File, Format Version 12.00
# Visual Studio 15
VisualStudioVersion = 15.0.28307.271
MinimumVisualStudioVersion = 10.0.40219.1
Project("{FAE04EC0-301F-11D3-BF4B-00C04F79EFBC}") = "IdempotencyKey", "IdempotencyKey\IdempotencyKey.csproj", "{CF80A624-2F0F-4CFE-A526-8AB530F314E8}"
EndProject
Global
	GlobalSection(SolutionConfigurationPlatforms) = preSolution
		Debug|Any CPU = Debug|Any CPU
		Release|Any CPU = Release|Any CPU
	EndGlobalSection
	GlobalSection(ProjectConfigurationPlatforms) = postSolution
		{CF80A624-2F0F-4CFE-A526-8AB530F314E8}.Debug|Any CPU.ActiveCfg = Debug|Any CPU
		{CF80A624-2F0F-4CFE-A526-8AB530F314E8}.Debug|Any CPU.Build.0 = Debug|Any CPU
		{CF80A624-2F0F-4CFE-A526-8AB530F314E8}.Release|Any CPU.ActiveCfg = Release|Any CPU
		{CF80A624-2F0F-4CFE-A526-8AB530F314E8}.Release|Any CPU.Build.0 = Release|Any CPU
	EndGlobalSection
	GlobalSection(SolutionProperties) = preSolution
		HideSolutionNode = FALSE
	EndGlobalSection
	GlobalSection(ExtensibilityGlobals) = postSolution
		SolutionGuid = {53C0AB07-4B49-45A2-BB91-97C256A5A975}
	EndGlobalSection
EndGlobal
